
Microsoft Visual Studio Solution File, Format Version 12.00
# Visual Studio Version 17
VisualStudioVersion = 17.5.33627.172
MinimumVisualStudioVersion = 10.0.40219.1
Project("{FAE04EC0-301F-11D3-BF4B-00C04F79EFBC}") = "DBfirstAgain", "DBfirstAgain\DBfirstAgain.csproj", "{C00B8158-5517-4734-AE5F-AE8D02460EF3}"
EndProject
Global
	GlobalSection(SolutionConfigurationPlatforms) = preSolution
		Debug|Any CPU = Debug|Any CPU
		Release|Any CPU = Release|Any CPU
	EndGlobalSection
	GlobalSection(ProjectConfigurationPlatforms) = postSolution
		{C00B8158-5517-4734-AE5F-AE8D02460EF3}.Debug|Any CPU.ActiveCfg = Debug|Any CPU
		{C00B8158-5517-4734-AE5F-AE8D02460EF3}.Debug|Any CPU.Build.0 = Debug|Any CPU
		{C00B8158-5517-4734-AE5F-AE8D02460EF3}.Release|Any CPU.ActiveCfg = Release|Any CPU
		{C00B8158-5517-4734-AE5F-AE8D02460EF3}.Release|Any CPU.Build.0 = Release|Any CPU
	EndGlobalSection
	GlobalSection(SolutionProperties) = preSolution
		HideSolutionNode = FALSE
	EndGlobalSection
	GlobalSection(ExtensibilityGlobals) = postSolution
		SolutionGuid = {73673B28-75B2-4651-A7A0-7F2FABB8DCD2}
	EndGlobalSection
EndGlobal
